// !$*UTF8*$!
{
	archiveVersion = 1;
	classes = {
	};
	objectVersion = 56;
	objects = {

/* Begin PBXBuildFile section */
		4F8072F829EAFFAF0059D966 /* main.cpp in Sources */ = {isa = PBXBuildFile; fileRef = 4F8072F729EAFFAF0059D966 /* main.cpp */; };
		4F80730B29EB04070059D966 /* Adder.cpp in Sources */ = {isa = PBXBuildFile; fileRef = 4F80730929EB04070059D966 /* Adder.cpp */; };
		4FB32CCF29FAB228003A30D0 /* XCTest.framework in Frameworks */ = {isa = PBXBuildFile; fileRef = 4FB32CCE29FAB228003A30D0 /* XCTest.framework */; };
		4FB32CD229FAB4C4003A30D0 /* CppTestTarget.mm in Sources */ = {isa = PBXBuildFile; fileRef = 4F80731229EB06210059D966 /* CppTestTarget.mm */; };
		4FB32CD429FAB4FF003A30D0 /* Adder.hpp in Sources */ = {isa = PBXBuildFile; fileRef = 4F80730A29EB04070059D966 /* Adder.hpp */; };
		4FB32CD529FAB503003A30D0 /* Adder.cpp in Sources */ = {isa = PBXBuildFile; fileRef = 4F80730929EB04070059D966 /* Adder.cpp */; };
/* End PBXBuildFile section */

/* Begin PBXContainerItemProxy section */
		4FB32CD629FAB521003A30D0 /* PBXContainerItemProxy */ = {
			isa = PBXContainerItemProxy;
			containerPortal = 4F8072EC29EAFFAF0059D966 /* Project object */;
			proxyType = 1;
			remoteGlobalIDString = 4F8072F329EAFFAF0059D966;
			remoteInfo = CppTest;
		};
/* End PBXContainerItemProxy section */

/* Begin PBXCopyFilesBuildPhase section */
		4F8072F229EAFFAF0059D966 /* CopyFiles */ = {
			isa = PBXCopyFilesBuildPhase;
			buildActionMask = 2147483647;
			dstPath = /usr/share/man/man1/;
			dstSubfolderSpec = 0;
			files = (
			);
			runOnlyForDeploymentPostprocessing = 1;
		};
/* End PBXCopyFilesBuildPhase section */

/* Begin PBXFileReference section */
		4F8072F429EAFFAF0059D966 /* CppTest */ = {isa = PBXFileReference; explicitFileType = "compiled.mach-o.executable"; includeInIndex = 0; path = CppTest; sourceTree = BUILT_PRODUCTS_DIR; };
		4F8072F729EAFFAF0059D966 /* main.cpp */ = {isa = PBXFileReference; lastKnownFileType = sourcecode.cpp.cpp; path = main.cpp; sourceTree = "<group>"; };
		4F80730929EB04070059D966 /* Adder.cpp */ = {isa = PBXFileReference; lastKnownFileType = sourcecode.cpp.cpp; path = Adder.cpp; sourceTree = "<group>"; };
		4F80730A29EB04070059D966 /* Adder.hpp */ = {isa = PBXFileReference; lastKnownFileType = sourcecode.cpp.h; path = Adder.hpp; sourceTree = "<group>"; };
		4F80731029EB06210059D966 /* CppTestTarget.xctest */ = {isa = PBXFileReference; explicitFileType = wrapper.cfbundle; includeInIndex = 0; path = CppTestTarget.xctest; sourceTree = BUILT_PRODUCTS_DIR; };
		4F80731229EB06210059D966 /* CppTestTarget.mm */ = {isa = PBXFileReference; explicitFileType = sourcecode.cpp.objcpp; path = CppTestTarget.mm; sourceTree = "<group>"; };
		4FB32CCE29FAB228003A30D0 /* XCTest.framework */ = {isa = PBXFileReference; lastKnownFileType = wrapper.framework; name = XCTest.framework; path = Platforms/MacOSX.platform/Developer/Library/Frameworks/XCTest.framework; sourceTree = DEVELOPER_DIR; };
/* End PBXFileReference section */

/* Begin PBXFrameworksBuildPhase section */
		4F8072F129EAFFAF0059D966 /* Frameworks */ = {
			isa = PBXFrameworksBuildPhase;
			buildActionMask = 2147483647;
			files = (
			);
			runOnlyForDeploymentPostprocessing = 0;
		};
		4F80730D29EB06210059D966 /* Frameworks */ = {
			isa = PBXFrameworksBuildPhase;
			buildActionMask = 2147483647;
			files = (
				4FB32CCF29FAB228003A30D0 /* XCTest.framework in Frameworks */,
			);
			runOnlyForDeploymentPostprocessing = 0;
		};
/* End PBXFrameworksBuildPhase section */

/* Begin PBXGroup section */
		4F8072EB29EAFFAF0059D966 = {
			isa = PBXGroup;
			children = (
				4F8072F629EAFFAF0059D966 /* CppTest */,
				4F80731129EB06210059D966 /* CppTestTarget */,
				4F8072F529EAFFAF0059D966 /* Products */,
				4FB32CCD29FAB228003A30D0 /* Frameworks */,
			);
			sourceTree = "<group>";
		};
		4F8072F529EAFFAF0059D966 /* Products */ = {
			isa = PBXGroup;
			children = (
				4F8072F429EAFFAF0059D966 /* CppTest */,
				4F80731029EB06210059D966 /* CppTestTarget.xctest */,
			);
			name = Products;
			sourceTree = "<group>";
		};
		4F8072F629EAFFAF0059D966 /* CppTest */ = {
			isa = PBXGroup;
			children = (
				4F8072F729EAFFAF0059D966 /* main.cpp */,
				4F80730929EB04070059D966 /* Adder.cpp */,
				4F80730A29EB04070059D966 /* Adder.hpp */,
			);
			path = CppTest;
			sourceTree = "<group>";
		};
		4F80731129EB06210059D966 /* CppTestTarget */ = {
			isa = PBXGroup;
			children = (
				4F80731229EB06210059D966 /* CppTestTarget.mm */,
			);
			path = CppTestTarget;
			sourceTree = "<group>";
		};
		4FB32CCD29FAB228003A30D0 /* Frameworks */ = {
			isa = PBXGroup;
			children = (
				4FB32CCE29FAB228003A30D0 /* XCTest.framework */,
			);
			name = Frameworks;
			sourceTree = "<group>";
		};
/* End PBXGroup section */

/* Begin PBXNativeTarget section */
		4F8072F329EAFFAF0059D966 /* CppTest */ = {
			isa = PBXNativeTarget;
			buildConfigurationList = 4F8072FB29EAFFAF0059D966 /* Build configuration list for PBXNativeTarget "CppTest" */;
			buildPhases = (
				4F8072F029EAFFAF0059D966 /* Sources */,
				4F8072F129EAFFAF0059D966 /* Frameworks */,
				4F8072F229EAFFAF0059D966 /* CopyFiles */,
			);
			buildRules = (
			);
			dependencies = (
			);
			name = CppTest;
			productName = CppTest;
			productReference = 4F8072F429EAFFAF0059D966 /* CppTest */;
			productType = "com.apple.product-type.tool";
		};
		4F80730F29EB06210059D966 /* CppTestTarget */ = {
			isa = PBXNativeTarget;
			buildConfigurationList = 4F80731429EB06210059D966 /* Build configuration list for PBXNativeTarget "CppTestTarget" */;
			buildPhases = (
				4F80730C29EB06210059D966 /* Sources */,
				4F80730D29EB06210059D966 /* Frameworks */,
				4F80730E29EB06210059D966 /* Resources */,
			);
			buildRules = (
			);
			dependencies = (
				4FB32CD729FAB521003A30D0 /* PBXTargetDependency */,
			);
			name = CppTestTarget;
			productName = CppTestTarget;
			productReference = 4F80731029EB06210059D966 /* CppTestTarget.xctest */;
			productType = "com.apple.product-type.bundle.unit-test";
		};
/* End PBXNativeTarget section */

/* Begin PBXProject section */
		4F8072EC29EAFFAF0059D966 /* Project object */ = {
			isa = PBXProject;
			attributes = {
				BuildIndependentTargetsInParallel = 1;
				LastUpgradeCheck = 1420;
				TargetAttributes = {
					4F8072F329EAFFAF0059D966 = {
						CreatedOnToolsVersion = 14.2;
					};
					4F80730F29EB06210059D966 = {
						CreatedOnToolsVersion = 14.2;
					};
				};
			};
			buildConfigurationList = 4F8072EF29EAFFAF0059D966 /* Build configuration list for PBXProject "CppTest" */;
			compatibilityVersion = "Xcode 14.0";
			developmentRegion = en;
			hasScannedForEncodings = 0;
			knownRegions = (
				en,
				Base,
			);
			mainGroup = 4F8072EB29EAFFAF0059D966;
			productRefGroup = 4F8072F529EAFFAF0059D966 /* Products */;
			projectDirPath = "";
			projectRoot = "";
			targets = (
				4F8072F329EAFFAF0059D966 /* CppTest */,
				4F80730F29EB06210059D966 /* CppTestTarget */,
			);
		};
/* End PBXProject section */

/* Begin PBXResourcesBuildPhase section */
		4F80730E29EB06210059D966 /* Resources */ = {
			isa = PBXResourcesBuildPhase;
			buildActionMask = 2147483647;
			files = (
			);
			runOnlyForDeploymentPostprocessing = 0;
		};
/* End PBXResourcesBuildPhase section */

/* Begin PBXSourcesBuildPhase section */
		4F8072F029EAFFAF0059D966 /* Sources */ = {
			isa = PBXSourcesBuildPhase;
			buildActionMask = 2147483647;
			files = (
				4F80730B29EB04070059D966 /* Adder.cpp in Sources */,
				4F8072F829EAFFAF0059D966 /* main.cpp in Sources */,
			);
			runOnlyForDeploymentPostprocessing = 0;
		};
		4F80730C29EB06210059D966 /* Sources */ = {
			isa = PBXSourcesBuildPhase;
			buildActionMask = 2147483647;
			files = (
				4FB32CD529FAB503003A30D0 /* Adder.cpp in Sources */,
				4FB32CD429FAB4FF003A30D0 /* Adder.hpp in Sources */,
				4FB32CD229FAB4C4003A30D0 /* CppTestTarget.mm in Sources */,
			);
			runOnlyForDeploymentPostprocessing = 0;
		};
/* End PBXSourcesBuildPhase section */

/* Begin PBXTargetDependency section */
		4FB32CD729FAB521003A30D0 /* PBXTargetDependency */ = {
			isa = PBXTargetDependency;
			target = 4F8072F329EAFFAF0059D966 /* CppTest */;
			targetProxy = 4FB32CD629FAB521003A30D0 /* PBXContainerItemProxy */;
		};
/* End PBXTargetDependency section */

/* Begin XCBuildConfiguration section */
		4F8072F929EAFFAF0059D966 /* Debug */ = {
			isa = XCBuildConfiguration;
			buildSettings = {
				ALWAYS_SEARCH_USER_PATHS = NO;
				CLANG_ANALYZER_NONNULL = YES;
				CLANG_ANALYZER_NUMBER_OBJECT_CONVERSION = YES_AGGRESSIVE;
				CLANG_CXX_LANGUAGE_STANDARD = "gnu++20";
				CLANG_ENABLE_MODULES = YES;
				CLANG_ENABLE_OBJC_ARC = YES;
				CLANG_ENABLE_OBJC_WEAK = YES;
				CLANG_WARN_BLOCK_CAPTURE_AUTORELEASING = YES;
				CLANG_WARN_BOOL_CONVERSION = YES;
				CLANG_WARN_COMMA = YES;
				CLANG_WARN_CONSTANT_CONVERSION = YES;
				CLANG_WARN_DEPRECATED_OBJC_IMPLEMENTATIONS = YES;
				CLANG_WARN_DIRECT_OBJC_ISA_USAGE = YES_ERROR;
				CLANG_WARN_DOCUMENTATION_COMMENTS = YES;
				CLANG_WARN_EMPTY_BODY = YES;
				CLANG_WARN_ENUM_CONVERSION = YES;
				CLANG_WARN_INFINITE_RECURSION = YES;
				CLANG_WARN_INT_CONVERSION = YES;
				CLANG_WARN_NON_LITERAL_NULL_CONVERSION = YES;
				CLANG_WARN_OBJC_IMPLICIT_RETAIN_SELF = YES;
				CLANG_WARN_OBJC_LITERAL_CONVERSION = YES;
				CLANG_WARN_OBJC_ROOT_CLASS = YES_ERROR;
				CLANG_WARN_QUOTED_INCLUDE_IN_FRAMEWORK_HEADER = YES;
				CLANG_WARN_RANGE_LOOP_ANALYSIS = YES;
				CLANG_WARN_STRICT_PROTOTYPES = YES;
				CLANG_WARN_SUSPICIOUS_MOVE = YES;
				CLANG_WARN_UNGUARDED_AVAILABILITY = YES_AGGRESSIVE;
				CLANG_WARN_UNREACHABLE_CODE = YES;
				CLANG_WARN__DUPLICATE_METHOD_MATCH = YES;
				COPY_PHASE_STRIP = NO;
				DEBUG_INFORMATION_FORMAT = dwarf;
				ENABLE_STRICT_OBJC_MSGSEND = YES;
				ENABLE_TESTABILITY = YES;
				GCC_C_LANGUAGE_STANDARD = gnu11;
				GCC_DYNAMIC_NO_PIC = NO;
				GCC_NO_COMMON_BLOCKS = YES;
				GCC_OPTIMIZATION_LEVEL = 0;
				GCC_PREPROCESSOR_DEFINITIONS = (
					"DEBUG=1",
					"$(inherited)",
				);
				GCC_WARN_64_TO_32_BIT_CONVERSION = YES;
				GCC_WARN_ABOUT_RETURN_TYPE = YES_ERROR;
				GCC_WARN_UNDECLARED_SELECTOR = YES;
				GCC_WARN_UNINITIALIZED_AUTOS = YES_AGGRESSIVE;
				GCC_WARN_UNUSED_FUNCTION = YES;
				GCC_WARN_UNUSED_VARIABLE = YES;
				MACOSX_DEPLOYMENT_TARGET = 12.6;
				MTL_ENABLE_DEBUG_INFO = INCLUDE_SOURCE;
				MTL_FAST_MATH = YES;
				ONLY_ACTIVE_ARCH = YES;
				SDKROOT = macosx;
			};
			name = Debug;
		};
		4F8072FA29EAFFAF0059D966 /* Release */ = {
			isa = XCBuildConfiguration;
			buildSettings = {
				ALWAYS_SEARCH_USER_PATHS = NO;
				CLANG_ANALYZER_NONNULL = YES;
				CLANG_ANALYZER_NUMBER_OBJECT_CONVERSION = YES_AGGRESSIVE;
				CLANG_CXX_LANGUAGE_STANDARD = "gnu++20";
				CLANG_ENABLE_MODULES = YES;
				CLANG_ENABLE_OBJC_ARC = YES;
				CLANG_ENABLE_OBJC_WEAK = YES;
				CLANG_WARN_BLOCK_CAPTURE_AUTORELEASING = YES;
				CLANG_WARN_BOOL_CONVERSION = YES;
				CLANG_WARN_COMMA = YES;
				CLANG_WARN_CONSTANT_CONVERSION = YES;
				CLANG_WARN_DEPRECATED_OBJC_IMPLEMENTATIONS = YES;
				CLANG_WARN_DIRECT_OBJC_ISA_USAGE = YES_ERROR;
				CLANG_WARN_DOCUMENTATION_COMMENTS = YES;
				CLANG_WARN_EMPTY_BODY = YES;
				CLANG_WARN_ENUM_CONVERSION = YES;
				CLANG_WARN_INFINITE_RECURSION = YES;
				CLANG_WARN_INT_CONVERSION = YES;
				CLANG_WARN_NON_LITERAL_NULL_CONVERSION = YES;
				CLANG_WARN_OBJC_IMPLICIT_RETAIN_SELF = YES;
				CLANG_WARN_OBJC_LITERAL_CONVERSION = YES;
				CLANG_WARN_OBJC_ROOT_CLASS = YES_ERROR;
				CLANG_WARN_QUOTED_INCLUDE_IN_FRAMEWORK_HEADER = YES;
				CLANG_WARN_RANGE_LOOP_ANALYSIS = YES;
				CLANG_WARN_STRICT_PROTOTYPES = YES;
				CLANG_WARN_SUSPICIOUS_MOVE = YES;
				CLANG_WARN_UNGUARDED_AVAILABILITY = YES_AGGRESSIVE;
				CLANG_WARN_UNREACHABLE_CODE = YES;
				CLANG_WARN__DUPLICATE_METHOD_MATCH = YES;
				COPY_PHASE_STRIP = NO;
				DEBUG_INFORMATION_FORMAT = "dwarf-with-dsym";
				ENABLE_NS_ASSERTIONS = NO;
				ENABLE_STRICT_OBJC_MSGSEND = YES;
				GCC_C_LANGUAGE_STANDARD = gnu11;
				GCC_NO_COMMON_BLOCKS = YES;
				GCC_WARN_64_TO_32_BIT_CONVERSION = YES;
				GCC_WARN_ABOUT_RETURN_TYPE = YES_ERROR;
				GCC_WARN_UNDECLARED_SELECTOR = YES;
				GCC_WARN_UNINITIALIZED_AUTOS = YES_AGGRESSIVE;
				GCC_WARN_UNUSED_FUNCTION = YES;
				GCC_WARN_UNUSED_VARIABLE = YES;
				MACOSX_DEPLOYMENT_TARGET = 12.6;
				MTL_ENABLE_DEBUG_INFO = NO;
				MTL_FAST_MATH = YES;
				SDKROOT = macosx;
			};
			name = Release;
		};
		4F8072FC29EAFFAF0059D966 /* Debug */ = {
			isa = XCBuildConfiguration;
			buildSettings = {
				CODE_SIGN_STYLE = Automatic;
				DEVELOPMENT_TEAM = WN78Z578RB;
				ENABLE_HARDENED_RUNTIME = YES;
				PRODUCT_NAME = "$(TARGET_NAME)";
			};
			name = Debug;
		};
		4F8072FD29EAFFAF0059D966 /* Release */ = {
			isa = XCBuildConfiguration;
			buildSettings = {
				CODE_SIGN_STYLE = Automatic;
				DEVELOPMENT_TEAM = WN78Z578RB;
				ENABLE_HARDENED_RUNTIME = YES;
				PRODUCT_NAME = "$(TARGET_NAME)";
			};
			name = Release;
		};
		4F80731529EB06210059D966 /* Debug */ = {
			isa = XCBuildConfiguration;
			buildSettings = {
				CODE_SIGN_STYLE = Automatic;
				CURRENT_PROJECT_VERSION = 1;
				DEVELOPMENT_TEAM = WN78Z578RB;
				GENERATE_INFOPLIST_FILE = YES;
				IPHONEOS_DEPLOYMENT_TARGET = 16.2;
				MACOSX_DEPLOYMENT_TARGET = 12.6;
				MARKETING_VERSION = 1.0;
				PRODUCT_BUNDLE_IDENTIFIER = com.kirakiraworx.CppTestTarget;
				PRODUCT_NAME = "$(TARGET_NAME)";
				SDKROOT = auto;
				SUPPORTED_PLATFORMS = "iphoneos iphonesimulator macosx";
				SWIFT_EMIT_LOC_STRINGS = NO;
				TARGETED_DEVICE_FAMILY = "1,2";
			};
			name = Debug;
		};
		4F80731629EB06210059D966 /* Release */ = {
			isa = XCBuildConfiguration;
			buildSettings = {
				CODE_SIGN_STYLE = Automatic;
				CURRENT_PROJECT_VERSION = 1;
				DEVELOPMENT_TEAM = WN78Z578RB;
				GENERATE_INFOPLIST_FILE = YES;
				IPHONEOS_DEPLOYMENT_TARGET = 16.2;
				MACOSX_DEPLOYMENT_TARGET = 12.6;
				MARKETING_VERSION = 1.0;
				PRODUCT_BUNDLE_IDENTIFIER = com.kirakiraworx.CppTestTarget;
				PRODUCT_NAME = "$(TARGET_NAME)";
				SDKROOT = auto;
				SUPPORTED_PLATFORMS = "iphoneos iphonesimulator macosx";
				SWIFT_EMIT_LOC_STRINGS = NO;
				TARGETED_DEVICE_FAMILY = "1,2";
			};
			name = Release;
		};
/* End XCBuildConfiguration section */

/* Begin XCConfigurationList section */
		4F8072EF29EAFFAF0059D966 /* Build configuration list for PBXProject "CppTest" */ = {
			isa = XCConfigurationList;
			buildConfigurations = (
				4F8072F929EAFFAF0059D966 /* Debug */,
				4F8072FA29EAFFAF0059D966 /* Release */,
			);
			defaultConfigurationIsVisible = 0;
			defaultConfigurationName = Release;
		};
		4F8072FB29EAFFAF0059D966 /* Build configuration list for PBXNativeTarget "CppTest" */ = {
			isa = XCConfigurationList;
			buildConfigurations = (
				4F8072FC29EAFFAF0059D966 /* Debug */,
				4F8072FD29EAFFAF0059D966 /* Release */,
			);
			defaultConfigurationIsVisible = 0;
			defaultConfigurationName = Release;
		};
		4F80731429EB06210059D966 /* Build configuration list for PBXNativeTarget "CppTestTarget" */ = {
			isa = XCConfigurationList;
			buildConfigurations = (
				4F80731529EB06210059D966 /* Debug */,
				4F80731629EB06210059D966 /* Release */,
			);
			defaultConfigurationIsVisible = 0;
			defaultConfigurationName = Release;
		};
/* End XCConfigurationList section */
	};
	rootObject = 4F8072EC29EAFFAF0059D966 /* Project object */;
}
